// !$*UTF8*$!
{
	archiveVersion = 1;
	classes = {
	};
	objectVersion = 55;
	objects = {

/* Begin PBXBuildFile section */
		3098989C0CB5D4B72C1FF664 /* Pods_JMSDFMeguri.framework in Frameworks */ = {isa = PBXBuildFile; fileRef = FC620ABF9659EAFA70436E7A /* Pods_JMSDFMeguri.framework */; };
		981879E828086560002C3C2C /* ResultsViewController.swift in Sources */ = {isa = PBXBuildFile; fileRef = 981879E728086560002C3C2C /* ResultsViewController.swift */; };
		987BDDB927F12277004015ED /* AppDelegate.swift in Sources */ = {isa = PBXBuildFile; fileRef = 987BDDB827F12277004015ED /* AppDelegate.swift */; };
		987BDDBB27F12277004015ED /* SceneDelegate.swift in Sources */ = {isa = PBXBuildFile; fileRef = 987BDDBA27F12277004015ED /* SceneDelegate.swift */; };
		987BDDBD27F12277004015ED /* FirstViewController.swift in Sources */ = {isa = PBXBuildFile; fileRef = 987BDDBC27F12277004015ED /* FirstViewController.swift */; };
		987BDDC027F12277004015ED /* Main.storyboard in Resources */ = {isa = PBXBuildFile; fileRef = 987BDDBE27F12277004015ED /* Main.storyboard */; };
		987BDDC227F12279004015ED /* Assets.xcassets in Resources */ = {isa = PBXBuildFile; fileRef = 987BDDC127F12279004015ED /* Assets.xcassets */; };
		987BDDC527F12279004015ED /* LaunchScreen.storyboard in Resources */ = {isa = PBXBuildFile; fileRef = 987BDDC327F12279004015ED /* LaunchScreen.storyboard */; };
		987BDDCD27F123E1004015ED /* GoogleService-Info.plist in Resources */ = {isa = PBXBuildFile; fileRef = 987BDDCC27F123E1004015ED /* GoogleService-Info.plist */; };
		987BDDD027F1271A004015ED /* FirebaseAuth in Frameworks */ = {isa = PBXBuildFile; productRef = 987BDDCF27F1271A004015ED /* FirebaseAuth */; };
		987BDDD227F1271A004015ED /* FirebaseFirestore in Frameworks */ = {isa = PBXBuildFile; productRef = 987BDDD127F1271A004015ED /* FirebaseFirestore */; };
		987BDDD427F1271A004015ED /* FirebaseStorage in Frameworks */ = {isa = PBXBuildFile; productRef = 987BDDD327F1271A004015ED /* FirebaseStorage */; };
		987BDDD727F127CE004015ED /* FirebaseAnalytics in Frameworks */ = {isa = PBXBuildFile; productRef = 987BDDD627F127CE004015ED /* FirebaseAnalytics */; };
		988EE83127FCFB0400F8E2D1 /* SelectHPViewController.swift in Sources */ = {isa = PBXBuildFile; fileRef = 988EE83027FCFB0400F8E2D1 /* SelectHPViewController.swift */; };
		988EE83527FCFB9200F8E2D1 /* SelectTypeViewController.swift in Sources */ = {isa = PBXBuildFile; fileRef = 988EE83427FCFB9200F8E2D1 /* SelectTypeViewController.swift */; };
		988EE83727FCFBE700F8E2D1 /* SearchViewController.swift in Sources */ = {isa = PBXBuildFile; fileRef = 988EE83627FCFBE700F8E2D1 /* SearchViewController.swift */; };
		9895D13827FB1E0200835F37 /* DataSet.swift in Sources */ = {isa = PBXBuildFile; fileRef = 9895D13727FB1E0200835F37 /* DataSet.swift */; };
		98B6679E27F3C6B00092E4C3 /* FirebaseAuth in Frameworks */ = {isa = PBXBuildFile; productRef = 98B6679D27F3C6B00092E4C3 /* FirebaseAuth */; };
		98BF173128113E8700112FE6 /* ShipDetailViewController.swift in Sources */ = {isa = PBXBuildFile; fileRef = 98BF173028113E8700112FE6 /* ShipDetailViewController.swift */; };
		98CF6DB028030C8E00C70A47 /* LoadDBModel.swift in Sources */ = {isa = PBXBuildFile; fileRef = 98CF6DAF28030C8E00C70A47 /* LoadDBModel.swift */; };
/* End PBXBuildFile section */

/* Begin PBXFileReference section */
		326BB66F4F7E591809651300 /* Pods-JMSDFMeguri.debug.xcconfig */ = {isa = PBXFileReference; includeInIndex = 1; lastKnownFileType = text.xcconfig; name = "Pods-JMSDFMeguri.debug.xcconfig"; path = "Target Support Files/Pods-JMSDFMeguri/Pods-JMSDFMeguri.debug.xcconfig"; sourceTree = "<group>"; };
		981879E728086560002C3C2C /* ResultsViewController.swift */ = {isa = PBXFileReference; lastKnownFileType = sourcecode.swift; path = ResultsViewController.swift; sourceTree = "<group>"; };
		987BDDB527F12277004015ED /* JMSDFMeguri.app */ = {isa = PBXFileReference; explicitFileType = wrapper.application; includeInIndex = 0; path = JMSDFMeguri.app; sourceTree = BUILT_PRODUCTS_DIR; };
		987BDDB827F12277004015ED /* AppDelegate.swift */ = {isa = PBXFileReference; lastKnownFileType = sourcecode.swift; path = AppDelegate.swift; sourceTree = "<group>"; };
		987BDDBA27F12277004015ED /* SceneDelegate.swift */ = {isa = PBXFileReference; lastKnownFileType = sourcecode.swift; path = SceneDelegate.swift; sourceTree = "<group>"; };
		987BDDBC27F12277004015ED /* FirstViewController.swift */ = {isa = PBXFileReference; lastKnownFileType = sourcecode.swift; path = FirstViewController.swift; sourceTree = "<group>"; };
		987BDDBF27F12277004015ED /* Base */ = {isa = PBXFileReference; lastKnownFileType = file.storyboard; name = Base; path = Base.lproj/Main.storyboard; sourceTree = "<group>"; };
		987BDDC127F12279004015ED /* Assets.xcassets */ = {isa = PBXFileReference; lastKnownFileType = folder.assetcatalog; path = Assets.xcassets; sourceTree = "<group>"; };
		987BDDC427F12279004015ED /* Base */ = {isa = PBXFileReference; lastKnownFileType = file.storyboard; name = Base; path = Base.lproj/LaunchScreen.storyboard; sourceTree = "<group>"; };
		987BDDC627F12279004015ED /* Info.plist */ = {isa = PBXFileReference; lastKnownFileType = text.plist.xml; path = Info.plist; sourceTree = "<group>"; };
		987BDDCC27F123E1004015ED /* GoogleService-Info.plist */ = {isa = PBXFileReference; fileEncoding = 4; lastKnownFileType = text.plist.xml; path = "GoogleService-Info.plist"; sourceTree = "<group>"; };
		988EE83027FCFB0400F8E2D1 /* SelectHPViewController.swift */ = {isa = PBXFileReference; lastKnownFileType = sourcecode.swift; path = SelectHPViewController.swift; sourceTree = "<group>"; };
		988EE83427FCFB9200F8E2D1 /* SelectTypeViewController.swift */ = {isa = PBXFileReference; lastKnownFileType = sourcecode.swift; path = SelectTypeViewController.swift; sourceTree = "<group>"; };
		988EE83627FCFBE700F8E2D1 /* SearchViewController.swift */ = {isa = PBXFileReference; lastKnownFileType = sourcecode.swift; path = SearchViewController.swift; sourceTree = "<group>"; };
		9895D13727FB1E0200835F37 /* DataSet.swift */ = {isa = PBXFileReference; lastKnownFileType = sourcecode.swift; path = DataSet.swift; sourceTree = "<group>"; };
		98BF173028113E8700112FE6 /* ShipDetailViewController.swift */ = {isa = PBXFileReference; lastKnownFileType = sourcecode.swift; path = ShipDetailViewController.swift; sourceTree = "<group>"; };
		98CF6DAF28030C8E00C70A47 /* LoadDBModel.swift */ = {isa = PBXFileReference; lastKnownFileType = sourcecode.swift; path = LoadDBModel.swift; sourceTree = "<group>"; };
		B39DA22E4E88B4C0E46762AB /* Pods-JMSDFMeguri.release.xcconfig */ = {isa = PBXFileReference; includeInIndex = 1; lastKnownFileType = text.xcconfig; name = "Pods-JMSDFMeguri.release.xcconfig"; path = "Target Support Files/Pods-JMSDFMeguri/Pods-JMSDFMeguri.release.xcconfig"; sourceTree = "<group>"; };
		FC620ABF9659EAFA70436E7A /* Pods_JMSDFMeguri.framework */ = {isa = PBXFileReference; explicitFileType = wrapper.framework; includeInIndex = 0; path = Pods_JMSDFMeguri.framework; sourceTree = BUILT_PRODUCTS_DIR; };
/* End PBXFileReference section */

/* Begin PBXFrameworksBuildPhase section */
		987BDDB227F12277004015ED /* Frameworks */ = {
			isa = PBXFrameworksBuildPhase;
			buildActionMask = 2147483647;
			files = (
				987BDDD027F1271A004015ED /* FirebaseAuth in Frameworks */,
				98B6679E27F3C6B00092E4C3 /* FirebaseAuth in Frameworks */,
				987BDDD227F1271A004015ED /* FirebaseFirestore in Frameworks */,
				987BDDD727F127CE004015ED /* FirebaseAnalytics in Frameworks */,
				987BDDD427F1271A004015ED /* FirebaseStorage in Frameworks */,
				3098989C0CB5D4B72C1FF664 /* Pods_JMSDFMeguri.framework in Frameworks */,
			);
			runOnlyForDeploymentPostprocessing = 0;
		};
/* End PBXFrameworksBuildPhase section */

/* Begin PBXGroup section */
		03E51E23833DC5D6A7F93662 /* Pods */ = {
			isa = PBXGroup;
			children = (
				326BB66F4F7E591809651300 /* Pods-JMSDFMeguri.debug.xcconfig */,
				B39DA22E4E88B4C0E46762AB /* Pods-JMSDFMeguri.release.xcconfig */,
			);
			path = Pods;
			sourceTree = "<group>";
		};
		79117C688664E233626F5DA2 /* Frameworks */ = {
			isa = PBXGroup;
			children = (
				FC620ABF9659EAFA70436E7A /* Pods_JMSDFMeguri.framework */,
			);
			name = Frameworks;
			sourceTree = "<group>";
		};
		987BDDAC27F12277004015ED = {
			isa = PBXGroup;
			children = (
				987BDDB727F12277004015ED /* JMSDFMeguri */,
				987BDDB627F12277004015ED /* Products */,
				03E51E23833DC5D6A7F93662 /* Pods */,
				79117C688664E233626F5DA2 /* Frameworks */,
			);
			sourceTree = "<group>";
		};
		987BDDB627F12277004015ED /* Products */ = {
			isa = PBXGroup;
			children = (
				987BDDB527F12277004015ED /* JMSDFMeguri.app */,
			);
			name = Products;
			sourceTree = "<group>";
		};
		987BDDB727F12277004015ED /* JMSDFMeguri */ = {
			isa = PBXGroup;
			children = (
				987BDDB827F12277004015ED /* AppDelegate.swift */,
				987BDDBA27F12277004015ED /* SceneDelegate.swift */,
				988EE83327FCFB3C00F8E2D1 /* Model */,
				988EE83227FCFB1A00F8E2D1 /* Controller */,
				987BDDBE27F12277004015ED /* Main.storyboard */,
				987BDDC127F12279004015ED /* Assets.xcassets */,
				987BDDC327F12279004015ED /* LaunchScreen.storyboard */,
				987BDDC627F12279004015ED /* Info.plist */,
				987BDDCC27F123E1004015ED /* GoogleService-Info.plist */,
			);
			path = JMSDFMeguri;
			sourceTree = "<group>";
		};
		988EE83227FCFB1A00F8E2D1 /* Controller */ = {
			isa = PBXGroup;
			children = (
				987BDDBC27F12277004015ED /* FirstViewController.swift */,
				988EE83627FCFBE700F8E2D1 /* SearchViewController.swift */,
				981879E728086560002C3C2C /* ResultsViewController.swift */,
				988EE83027FCFB0400F8E2D1 /* SelectHPViewController.swift */,
				988EE83427FCFB9200F8E2D1 /* SelectTypeViewController.swift */,
				98BF173028113E8700112FE6 /* ShipDetailViewController.swift */,
			);
			path = Controller;
			sourceTree = "<group>";
		};
		988EE83327FCFB3C00F8E2D1 /* Model */ = {
			isa = PBXGroup;
			children = (
				9895D13727FB1E0200835F37 /* DataSet.swift */,
				98CF6DAF28030C8E00C70A47 /* LoadDBModel.swift */,
			);
			path = Model;
			sourceTree = "<group>";
		};
/* End PBXGroup section */

/* Begin PBXNativeTarget section */
		987BDDB427F12277004015ED /* JMSDFMeguri */ = {
			isa = PBXNativeTarget;
			buildConfigurationList = 987BDDC927F12279004015ED /* Build configuration list for PBXNativeTarget "JMSDFMeguri" */;
			buildPhases = (
				A70702CCCC1D614BA8C33EE7 /* [CP] Check Pods Manifest.lock */,
				987BDDB127F12277004015ED /* Sources */,
				987BDDB227F12277004015ED /* Frameworks */,
				987BDDB327F12277004015ED /* Resources */,
				0FC6763524D0D3B10E6496B6 /* [CP] Embed Pods Frameworks */,
			);
			buildRules = (
			);
			dependencies = (
			);
			name = JMSDFMeguri;
			packageProductDependencies = (
				987BDDCF27F1271A004015ED /* FirebaseAuth */,
				987BDDD127F1271A004015ED /* FirebaseFirestore */,
				987BDDD327F1271A004015ED /* FirebaseStorage */,
				987BDDD627F127CE004015ED /* FirebaseAnalytics */,
				98B6679D27F3C6B00092E4C3 /* FirebaseAuth */,
			);
			productName = JMSDFMeguri;
			productReference = 987BDDB527F12277004015ED /* JMSDFMeguri.app */;
			productType = "com.apple.product-type.application";
		};
/* End PBXNativeTarget section */

/* Begin PBXProject section */
		987BDDAD27F12277004015ED /* Project object */ = {
			isa = PBXProject;
			attributes = {
				BuildIndependentTargetsInParallel = 1;
				LastSwiftUpdateCheck = 1330;
				LastUpgradeCheck = 1330;
				TargetAttributes = {
					987BDDB427F12277004015ED = {
						CreatedOnToolsVersion = 13.3;
					};
				};
			};
			buildConfigurationList = 987BDDB027F12277004015ED /* Build configuration list for PBXProject "JMSDFMeguri" */;
			compatibilityVersion = "Xcode 13.0";
			developmentRegion = en;
			hasScannedForEncodings = 0;
			knownRegions = (
				en,
				Base,
			);
			mainGroup = 987BDDAC27F12277004015ED;
			packageReferences = (
				987BDDCE27F1271A004015ED /* XCRemoteSwiftPackageReference "firebase-ios-sdk" */,
				987BDDD527F127CE004015ED /* XCRemoteSwiftPackageReference "firebase-ios-sdk" */,
				98B6679C27F3C6B00092E4C3 /* XCRemoteSwiftPackageReference "firebase-ios-sdk" */,
			);
			productRefGroup = 987BDDB627F12277004015ED /* Products */;
			projectDirPath = "";
			projectRoot = "";
			targets = (
				987BDDB427F12277004015ED /* JMSDFMeguri */,
			);
		};
/* End PBXProject section */

/* Begin PBXResourcesBuildPhase section */
		987BDDB327F12277004015ED /* Resources */ = {
			isa = PBXResourcesBuildPhase;
			buildActionMask = 2147483647;
			files = (
				987BDDC527F12279004015ED /* LaunchScreen.storyboard in Resources */,
				987BDDCD27F123E1004015ED /* GoogleService-Info.plist in Resources */,
				987BDDC227F12279004015ED /* Assets.xcassets in Resources */,
				987BDDC027F12277004015ED /* Main.storyboard in Resources */,
			);
			runOnlyForDeploymentPostprocessing = 0;
		};
/* End PBXResourcesBuildPhase section */

/* Begin PBXShellScriptBuildPhase section */
		0FC6763524D0D3B10E6496B6 /* [CP] Embed Pods Frameworks */ = {
			isa = PBXShellScriptBuildPhase;
			buildActionMask = 2147483647;
			files = (
			);
			inputFileListPaths = (
				"${PODS_ROOT}/Target Support Files/Pods-JMSDFMeguri/Pods-JMSDFMeguri-frameworks-${CONFIGURATION}-input-files.xcfilelist",
			);
			name = "[CP] Embed Pods Frameworks";
			outputFileListPaths = (
				"${PODS_ROOT}/Target Support Files/Pods-JMSDFMeguri/Pods-JMSDFMeguri-frameworks-${CONFIGURATION}-output-files.xcfilelist",
			);
			runOnlyForDeploymentPostprocessing = 0;
			shellPath = /bin/sh;
			shellScript = "\"${PODS_ROOT}/Target Support Files/Pods-JMSDFMeguri/Pods-JMSDFMeguri-frameworks.sh\"\n";
			showEnvVarsInLog = 0;
		};
		A70702CCCC1D614BA8C33EE7 /* [CP] Check Pods Manifest.lock */ = {
			isa = PBXShellScriptBuildPhase;
			buildActionMask = 2147483647;
			files = (
			);
			inputFileListPaths = (
			);
			inputPaths = (
				"${PODS_PODFILE_DIR_PATH}/Podfile.lock",
				"${PODS_ROOT}/Manifest.lock",
			);
			name = "[CP] Check Pods Manifest.lock";
			outputFileListPaths = (
			);
			outputPaths = (
				"$(DERIVED_FILE_DIR)/Pods-JMSDFMeguri-checkManifestLockResult.txt",
			);
			runOnlyForDeploymentPostprocessing = 0;
			shellPath = /bin/sh;
			shellScript = "diff \"${PODS_PODFILE_DIR_PATH}/Podfile.lock\" \"${PODS_ROOT}/Manifest.lock\" > /dev/null\nif [ $? != 0 ] ; then\n    # print error to STDERR\n    echo \"error: The sandbox is not in sync with the Podfile.lock. Run 'pod install' or update your CocoaPods installation.\" >&2\n    exit 1\nfi\n# This output is used by Xcode 'outputs' to avoid re-running this script phase.\necho \"SUCCESS\" > \"${SCRIPT_OUTPUT_FILE_0}\"\n";
			showEnvVarsInLog = 0;
		};
/* End PBXShellScriptBuildPhase section */

/* Begin PBXSourcesBuildPhase section */
		987BDDB127F12277004015ED /* Sources */ = {
			isa = PBXSourcesBuildPhase;
			buildActionMask = 2147483647;
			files = (
				988EE83527FCFB9200F8E2D1 /* SelectTypeViewController.swift in Sources */,
				988EE83727FCFBE700F8E2D1 /* SearchViewController.swift in Sources */,
				987BDDBD27F12277004015ED /* FirstViewController.swift in Sources */,
				98CF6DB028030C8E00C70A47 /* LoadDBModel.swift in Sources */,
				987BDDB927F12277004015ED /* AppDelegate.swift in Sources */,
				981879E828086560002C3C2C /* ResultsViewController.swift in Sources */,
				988EE83127FCFB0400F8E2D1 /* SelectHPViewController.swift in Sources */,
				9895D13827FB1E0200835F37 /* DataSet.swift in Sources */,
				987BDDBB27F12277004015ED /* SceneDelegate.swift in Sources */,
				98BF173128113E8700112FE6 /* ShipDetailViewController.swift in Sources */,
			);
			runOnlyForDeploymentPostprocessing = 0;
		};
/* End PBXSourcesBuildPhase section */

/* Begin PBXVariantGroup section */
		987BDDBE27F12277004015ED /* Main.storyboard */ = {
			isa = PBXVariantGroup;
			children = (
				987BDDBF27F12277004015ED /* Base */,
			);
			name = Main.storyboard;
			sourceTree = "<group>";
		};
		987BDDC327F12279004015ED /* LaunchScreen.storyboard */ = {
			isa = PBXVariantGroup;
			children = (
				987BDDC427F12279004015ED /* Base */,
			);
			name = LaunchScreen.storyboard;
			sourceTree = "<group>";
		};
/* End PBXVariantGroup section */

/* Begin XCBuildConfiguration section */
		987BDDC727F12279004015ED /* Debug */ = {
			isa = XCBuildConfiguration;
			buildSettings = {
				ALWAYS_SEARCH_USER_PATHS = NO;
				CLANG_ANALYZER_NONNULL = YES;
				CLANG_ANALYZER_NUMBER_OBJECT_CONVERSION = YES_AGGRESSIVE;
				CLANG_CXX_LANGUAGE_STANDARD = "gnu++17";
				CLANG_ENABLE_MODULES = YES;
				CLANG_ENABLE_OBJC_ARC = YES;
				CLANG_ENABLE_OBJC_WEAK = YES;
				CLANG_WARN_BLOCK_CAPTURE_AUTORELEASING = YES;
				CLANG_WARN_BOOL_CONVERSION = YES;
				CLANG_WARN_COMMA = YES;
				CLANG_WARN_CONSTANT_CONVERSION = YES;
				CLANG_WARN_DEPRECATED_OBJC_IMPLEMENTATIONS = YES;
				CLANG_WARN_DIRECT_OBJC_ISA_USAGE = YES_ERROR;
				CLANG_WARN_DOCUMENTATION_COMMENTS = YES;
				CLANG_WARN_EMPTY_BODY = YES;
				CLANG_WARN_ENUM_CONVERSION = YES;
				CLANG_WARN_INFINITE_RECURSION = YES;
				CLANG_WARN_INT_CONVERSION = YES;
				CLANG_WARN_NON_LITERAL_NULL_CONVERSION = YES;
				CLANG_WARN_OBJC_IMPLICIT_RETAIN_SELF = YES;
				CLANG_WARN_OBJC_LITERAL_CONVERSION = YES;
				CLANG_WARN_OBJC_ROOT_CLASS = YES_ERROR;
				CLANG_WARN_QUOTED_INCLUDE_IN_FRAMEWORK_HEADER = YES;
				CLANG_WARN_RANGE_LOOP_ANALYSIS = YES;
				CLANG_WARN_STRICT_PROTOTYPES = YES;
				CLANG_WARN_SUSPICIOUS_MOVE = YES;
				CLANG_WARN_UNGUARDED_AVAILABILITY = YES_AGGRESSIVE;
				CLANG_WARN_UNREACHABLE_CODE = YES;
				CLANG_WARN__DUPLICATE_METHOD_MATCH = YES;
				COPY_PHASE_STRIP = NO;
				DEBUG_INFORMATION_FORMAT = dwarf;
				ENABLE_STRICT_OBJC_MSGSEND = YES;
				ENABLE_TESTABILITY = YES;
				GCC_C_LANGUAGE_STANDARD = gnu11;
				GCC_DYNAMIC_NO_PIC = NO;
				GCC_NO_COMMON_BLOCKS = YES;
				GCC_OPTIMIZATION_LEVEL = 0;
				GCC_PREPROCESSOR_DEFINITIONS = (
					"DEBUG=1",
					"$(inherited)",
				);
				GCC_WARN_64_TO_32_BIT_CONVERSION = YES;
				GCC_WARN_ABOUT_RETURN_TYPE = YES_ERROR;
				GCC_WARN_UNDECLARED_SELECTOR = YES;
				GCC_WARN_UNINITIALIZED_AUTOS = YES_AGGRESSIVE;
				GCC_WARN_UNUSED_FUNCTION = YES;
				GCC_WARN_UNUSED_VARIABLE = YES;
				IPHONEOS_DEPLOYMENT_TARGET = 15.4;
				MTL_ENABLE_DEBUG_INFO = INCLUDE_SOURCE;
				MTL_FAST_MATH = YES;
				ONLY_ACTIVE_ARCH = YES;
				SDKROOT = iphoneos;
				SWIFT_ACTIVE_COMPILATION_CONDITIONS = DEBUG;
				SWIFT_OPTIMIZATION_LEVEL = "-Onone";
			};
			name = Debug;
		};
		987BDDC827F12279004015ED /* Release */ = {
			isa = XCBuildConfiguration;
			buildSettings = {
				ALWAYS_SEARCH_USER_PATHS = NO;
				CLANG_ANALYZER_NONNULL = YES;
				CLANG_ANALYZER_NUMBER_OBJECT_CONVERSION = YES_AGGRESSIVE;
				CLANG_CXX_LANGUAGE_STANDARD = "gnu++17";
				CLANG_ENABLE_MODULES = YES;
				CLANG_ENABLE_OBJC_ARC = YES;
				CLANG_ENABLE_OBJC_WEAK = YES;
				CLANG_WARN_BLOCK_CAPTURE_AUTORELEASING = YES;
				CLANG_WARN_BOOL_CONVERSION = YES;
				CLANG_WARN_COMMA = YES;
				CLANG_WARN_CONSTANT_CONVERSION = YES;
				CLANG_WARN_DEPRECATED_OBJC_IMPLEMENTATIONS = YES;
				CLANG_WARN_DIRECT_OBJC_ISA_USAGE = YES_ERROR;
				CLANG_WARN_DOCUMENTATION_COMMENTS = YES;
				CLANG_WARN_EMPTY_BODY = YES;
				CLANG_WARN_ENUM_CONVERSION = YES;
				CLANG_WARN_INFINITE_RECURSION = YES;
				CLANG_WARN_INT_CONVERSION = YES;
				CLANG_WARN_NON_LITERAL_NULL_CONVERSION = YES;
				CLANG_WARN_OBJC_IMPLICIT_RETAIN_SELF = YES;
				CLANG_WARN_OBJC_LITERAL_CONVERSION = YES;
				CLANG_WARN_OBJC_ROOT_CLASS = YES_ERROR;
				CLANG_WARN_QUOTED_INCLUDE_IN_FRAMEWORK_HEADER = YES;
				CLANG_WARN_RANGE_LOOP_ANALYSIS = YES;
				CLANG_WARN_STRICT_PROTOTYPES = YES;
				CLANG_WARN_SUSPICIOUS_MOVE = YES;
				CLANG_WARN_UNGUARDED_AVAILABILITY = YES_AGGRESSIVE;
				CLANG_WARN_UNREACHABLE_CODE = YES;
				CLANG_WARN__DUPLICATE_METHOD_MATCH = YES;
				COPY_PHASE_STRIP = NO;
				DEBUG_INFORMATION_FORMAT = "dwarf-with-dsym";
				ENABLE_NS_ASSERTIONS = NO;
				ENABLE_STRICT_OBJC_MSGSEND = YES;
				GCC_C_LANGUAGE_STANDARD = gnu11;
				GCC_NO_COMMON_BLOCKS = YES;
				GCC_WARN_64_TO_32_BIT_CONVERSION = YES;
				GCC_WARN_ABOUT_RETURN_TYPE = YES_ERROR;
				GCC_WARN_UNDECLARED_SELECTOR = YES;
				GCC_WARN_UNINITIALIZED_AUTOS = YES_AGGRESSIVE;
				GCC_WARN_UNUSED_FUNCTION = YES;
				GCC_WARN_UNUSED_VARIABLE = YES;
				IPHONEOS_DEPLOYMENT_TARGET = 15.4;
				MTL_ENABLE_DEBUG_INFO = NO;
				MTL_FAST_MATH = YES;
				SDKROOT = iphoneos;
				SWIFT_COMPILATION_MODE = wholemodule;
				SWIFT_OPTIMIZATION_LEVEL = "-O";
				VALIDATE_PRODUCT = YES;
			};
			name = Release;
		};
		987BDDCA27F12279004015ED /* Debug */ = {
			isa = XCBuildConfiguration;
			baseConfigurationReference = 326BB66F4F7E591809651300 /* Pods-JMSDFMeguri.debug.xcconfig */;
			buildSettings = {
				ASSETCATALOG_COMPILER_APPICON_NAME = AppIcon;
				ASSETCATALOG_COMPILER_GLOBAL_ACCENT_COLOR_NAME = AccentColor;
				CODE_SIGN_STYLE = Automatic;
				CURRENT_PROJECT_VERSION = 1;
				DEVELOPMENT_TEAM = P4895C3T94;
				GENERATE_INFOPLIST_FILE = YES;
				INFOPLIST_FILE = JMSDFMeguri/Info.plist;
				INFOPLIST_KEY_UIApplicationSupportsIndirectInputEvents = YES;
				INFOPLIST_KEY_UILaunchStoryboardName = LaunchScreen;
				INFOPLIST_KEY_UIMainStoryboardFile = Main;
				INFOPLIST_KEY_UISupportedInterfaceOrientations_iPad = "UIInterfaceOrientationPortrait UIInterfaceOrientationPortraitUpsideDown UIInterfaceOrientationLandscapeLeft UIInterfaceOrientationLandscapeRight";
				INFOPLIST_KEY_UISupportedInterfaceOrientations_iPhone = "UIInterfaceOrientationPortrait UIInterfaceOrientationLandscapeLeft UIInterfaceOrientationLandscapeRight";
				LD_RUNPATH_SEARCH_PATHS = (
					"$(inherited)",
					"@executable_path/Frameworks",
				);
				MARKETING_VERSION = 1.0;
				PRODUCT_BUNDLE_IDENTIFIER = com.kosuke.JMSDFMeguri;
				PRODUCT_NAME = "$(TARGET_NAME)";
				SWIFT_EMIT_LOC_STRINGS = YES;
				SWIFT_VERSION = 5.0;
				TARGETED_DEVICE_FAMILY = "1,2";
			};
			name = Debug;
		};
		987BDDCB27F12279004015ED /* Release */ = {
			isa = XCBuildConfiguration;
			baseConfigurationReference = B39DA22E4E88B4C0E46762AB /* Pods-JMSDFMeguri.release.xcconfig */;
			buildSettings = {
				ASSETCATALOG_COMPILER_APPICON_NAME = AppIcon;
				ASSETCATALOG_COMPILER_GLOBAL_ACCENT_COLOR_NAME = AccentColor;
				CODE_SIGN_STYLE = Automatic;
				CURRENT_PROJECT_VERSION = 1;
				DEVELOPMENT_TEAM = P4895C3T94;
				GENERATE_INFOPLIST_FILE = YES;
				INFOPLIST_FILE = JMSDFMeguri/Info.plist;
				INFOPLIST_KEY_UIApplicationSupportsIndirectInputEvents = YES;
				INFOPLIST_KEY_UILaunchStoryboardName = LaunchScreen;
				INFOPLIST_KEY_UIMainStoryboardFile = Main;
				INFOPLIST_KEY_UISupportedInterfaceOrientations_iPad = "UIInterfaceOrientationPortrait UIInterfaceOrientationPortraitUpsideDown UIInterfaceOrientationLandscapeLeft UIInterfaceOrientationLandscapeRight";
				INFOPLIST_KEY_UISupportedInterfaceOrientations_iPhone = "UIInterfaceOrientationPortrait UIInterfaceOrientationLandscapeLeft UIInterfaceOrientationLandscapeRight";
				LD_RUNPATH_SEARCH_PATHS = (
					"$(inherited)",
					"@executable_path/Frameworks",
				);
				MARKETING_VERSION = 1.0;
				PRODUCT_BUNDLE_IDENTIFIER = com.kosuke.JMSDFMeguri;
				PRODUCT_NAME = "$(TARGET_NAME)";
				SWIFT_EMIT_LOC_STRINGS = YES;
				SWIFT_VERSION = 5.0;
				TARGETED_DEVICE_FAMILY = "1,2";
			};
			name = Release;
		};
/* End XCBuildConfiguration section */

/* Begin XCConfigurationList section */
		987BDDB027F12277004015ED /* Build configuration list for PBXProject "JMSDFMeguri" */ = {
			isa = XCConfigurationList;
			buildConfigurations = (
				987BDDC727F12279004015ED /* Debug */,
				987BDDC827F12279004015ED /* Release */,
			);
			defaultConfigurationIsVisible = 0;
			defaultConfigurationName = Release;
		};
		987BDDC927F12279004015ED /* Build configuration list for PBXNativeTarget "JMSDFMeguri" */ = {
			isa = XCConfigurationList;
			buildConfigurations = (
				987BDDCA27F12279004015ED /* Debug */,
				987BDDCB27F12279004015ED /* Release */,
			);
			defaultConfigurationIsVisible = 0;
			defaultConfigurationName = Release;
		};
/* End XCConfigurationList section */

/* Begin XCRemoteSwiftPackageReference section */
		987BDDCE27F1271A004015ED /* XCRemoteSwiftPackageReference "firebase-ios-sdk" */ = {
			isa = XCRemoteSwiftPackageReference;
			repositoryURL = "https://github.com/firebase/firebase-ios-sdk";
			requirement = {
				kind = upToNextMajorVersion;
				minimumVersion = 8.0.0;
			};
		};
		987BDDD527F127CE004015ED /* XCRemoteSwiftPackageReference "firebase-ios-sdk" */ = {
			isa = XCRemoteSwiftPackageReference;
			repositoryURL = "https://github.com/firebase/firebase-ios-sdk";
			requirement = {
				branch = master;
				kind = branch;
			};
		};
		98B6679C27F3C6B00092E4C3 /* XCRemoteSwiftPackageReference "firebase-ios-sdk" */ = {
			isa = XCRemoteSwiftPackageReference;
			repositoryURL = "https://github.com/firebase/firebase-ios-sdk";
			requirement = {
				branch = master;
				kind = branch;
			};
		};
/* End XCRemoteSwiftPackageReference section */

/* Begin XCSwiftPackageProductDependency section */
		987BDDCF27F1271A004015ED /* FirebaseAuth */ = {
			isa = XCSwiftPackageProductDependency;
			package = 987BDDCE27F1271A004015ED /* XCRemoteSwiftPackageReference "firebase-ios-sdk" */;
			productName = FirebaseAuth;
		};
		987BDDD127F1271A004015ED /* FirebaseFirestore */ = {
			isa = XCSwiftPackageProductDependency;
			package = 987BDDCE27F1271A004015ED /* XCRemoteSwiftPackageReference "firebase-ios-sdk" */;
			productName = FirebaseFirestore;
		};
		987BDDD327F1271A004015ED /* FirebaseStorage */ = {
			isa = XCSwiftPackageProductDependency;
			package = 987BDDCE27F1271A004015ED /* XCRemoteSwiftPackageReference "firebase-ios-sdk" */;
			productName = FirebaseStorage;
		};
		987BDDD627F127CE004015ED /* FirebaseAnalytics */ = {
			isa = XCSwiftPackageProductDependency;
			package = 987BDDD527F127CE004015ED /* XCRemoteSwiftPackageReference "firebase-ios-sdk" */;
			productName = FirebaseAnalytics;
		};
		98B6679D27F3C6B00092E4C3 /* FirebaseAuth */ = {
			isa = XCSwiftPackageProductDependency;
			package = 987BDDD527F127CE004015ED /* XCRemoteSwiftPackageReference "firebase-ios-sdk" */;
			productName = FirebaseAuth;
		};
/* End XCSwiftPackageProductDependency section */
	};
	rootObject = 987BDDAD27F12277004015ED /* Project object */;
}
